// !$*UTF8*$!
{
	archiveVersion = 1;
	classes = {
	};
	objectVersion = 51;
	objects = {

/* Begin PBXBuildFile section */
		7B1B7FA187E9C18E42549182 /* Pods_project.framework in Frameworks */ = {isa = PBXBuildFile; fileRef = C941DEA191F31EAFE20C2B07 /* Pods_project.framework */; };
		FC2D4C50258DF2B900A65CD0 /* CollectionViewController.swift in Sources */ = {isa = PBXBuildFile; fileRef = FC2D4C4F258DF2B900A65CD0 /* CollectionViewController.swift */; };
		FC32B5CA258220E300EF2B7F /* AppDelegate.swift in Sources */ = {isa = PBXBuildFile; fileRef = FC32B5C9258220E300EF2B7F /* AppDelegate.swift */; };
		FC32B5D1258220E300EF2B7F /* Main.storyboard in Resources */ = {isa = PBXBuildFile; fileRef = FC32B5CF258220E300EF2B7F /* Main.storyboard */; };
		FC32B5D4258220E300EF2B7F /* project.xcdatamodeld in Sources */ = {isa = PBXBuildFile; fileRef = FC32B5D2258220E300EF2B7F /* project.xcdatamodeld */; };
		FC32B5D6258220E700EF2B7F /* Assets.xcassets in Resources */ = {isa = PBXBuildFile; fileRef = FC32B5D5258220E700EF2B7F /* Assets.xcassets */; };
		FC32B5D9258220E700EF2B7F /* LaunchScreen.storyboard in Resources */ = {isa = PBXBuildFile; fileRef = FC32B5D7258220E700EF2B7F /* LaunchScreen.storyboard */; };
		FC454E7125C6A44800EABB53 /* LoginViewController.swift in Sources */ = {isa = PBXBuildFile; fileRef = FC454E7025C6A44800EABB53 /* LoginViewController.swift */; };
		FC454E7425C6AA8D00EABB53 /* HomeViewController.swift in Sources */ = {isa = PBXBuildFile; fileRef = FC454E7325C6AA8D00EABB53 /* HomeViewController.swift */; };
		FC454E8225C6BE4300EABB53 /* PlaceViewController.swift in Sources */ = {isa = PBXBuildFile; fileRef = FC454E8125C6BE4300EABB53 /* PlaceViewController.swift */; };
		FC454EAF25CC52BD00EABB53 /* GoogleService-Info.plist in Resources */ = {isa = PBXBuildFile; fileRef = FC454EAE25CC52BD00EABB53 /* GoogleService-Info.plist */; };
		FCA321BF25DC524C0068B41F /* PictureSharingViewController.swift in Sources */ = {isa = PBXBuildFile; fileRef = FCA321BE25DC524C0068B41F /* PictureSharingViewController.swift */; };
		FCD3E2E925E83C9500ABE23C /* NotificationManager.swift in Sources */ = {isa = PBXBuildFile; fileRef = FCD3E2E825E83C9500ABE23C /* NotificationManager.swift */; };
/* End PBXBuildFile section */

/* Begin PBXFileReference section */
		09A2FF09E4AAEBA404120EEC /* Pods-project.debug.xcconfig */ = {isa = PBXFileReference; includeInIndex = 1; lastKnownFileType = text.xcconfig; name = "Pods-project.debug.xcconfig"; path = "Target Support Files/Pods-project/Pods-project.debug.xcconfig"; sourceTree = "<group>"; };
		755A766EE60F695B8CB15753 /* Pods-project.release.xcconfig */ = {isa = PBXFileReference; includeInIndex = 1; lastKnownFileType = text.xcconfig; name = "Pods-project.release.xcconfig"; path = "Target Support Files/Pods-project/Pods-project.release.xcconfig"; sourceTree = "<group>"; };
		C941DEA191F31EAFE20C2B07 /* Pods_project.framework */ = {isa = PBXFileReference; explicitFileType = wrapper.framework; includeInIndex = 0; path = Pods_project.framework; sourceTree = BUILT_PRODUCTS_DIR; };
		FC2D4C4F258DF2B900A65CD0 /* CollectionViewController.swift */ = {isa = PBXFileReference; lastKnownFileType = sourcecode.swift; path = CollectionViewController.swift; sourceTree = "<group>"; };
		FC32B5C6258220E300EF2B7F /* project.app */ = {isa = PBXFileReference; explicitFileType = wrapper.application; includeInIndex = 0; path = project.app; sourceTree = BUILT_PRODUCTS_DIR; };
		FC32B5C9258220E300EF2B7F /* AppDelegate.swift */ = {isa = PBXFileReference; lastKnownFileType = sourcecode.swift; path = AppDelegate.swift; sourceTree = "<group>"; };
		FC32B5D0258220E300EF2B7F /* Base */ = {isa = PBXFileReference; lastKnownFileType = file.storyboard; name = Base; path = Base.lproj/Main.storyboard; sourceTree = "<group>"; };
		FC32B5D3258220E300EF2B7F /* project.xcdatamodel */ = {isa = PBXFileReference; lastKnownFileType = wrapper.xcdatamodel; path = project.xcdatamodel; sourceTree = "<group>"; };
		FC32B5D5258220E700EF2B7F /* Assets.xcassets */ = {isa = PBXFileReference; lastKnownFileType = folder.assetcatalog; path = Assets.xcassets; sourceTree = "<group>"; };
		FC32B5D8258220E700EF2B7F /* Base */ = {isa = PBXFileReference; lastKnownFileType = file.storyboard; name = Base; path = Base.lproj/LaunchScreen.storyboard; sourceTree = "<group>"; };
		FC32B5DA258220E700EF2B7F /* Info.plist */ = {isa = PBXFileReference; lastKnownFileType = text.plist.xml; path = Info.plist; sourceTree = "<group>"; };
		FC454E7025C6A44800EABB53 /* LoginViewController.swift */ = {isa = PBXFileReference; lastKnownFileType = sourcecode.swift; path = LoginViewController.swift; sourceTree = "<group>"; };
		FC454E7325C6AA8D00EABB53 /* HomeViewController.swift */ = {isa = PBXFileReference; lastKnownFileType = sourcecode.swift; path = HomeViewController.swift; sourceTree = "<group>"; };
		FC454E8125C6BE4300EABB53 /* PlaceViewController.swift */ = {isa = PBXFileReference; lastKnownFileType = sourcecode.swift; path = PlaceViewController.swift; sourceTree = "<group>"; };
		FC454EAE25CC52BD00EABB53 /* GoogleService-Info.plist */ = {isa = PBXFileReference; fileEncoding = 4; lastKnownFileType = text.plist.xml; path = "GoogleService-Info.plist"; sourceTree = "<group>"; };
		FCA321BE25DC524C0068B41F /* PictureSharingViewController.swift */ = {isa = PBXFileReference; lastKnownFileType = sourcecode.swift; path = PictureSharingViewController.swift; sourceTree = "<group>"; };
		FCD3E2E825E83C9500ABE23C /* NotificationManager.swift */ = {isa = PBXFileReference; lastKnownFileType = sourcecode.swift; path = NotificationManager.swift; sourceTree = "<group>"; };
/* End PBXFileReference section */

/* Begin PBXFrameworksBuildPhase section */
		FC32B5C3258220E300EF2B7F /* Frameworks */ = {
			isa = PBXFrameworksBuildPhase;
			buildActionMask = 2147483647;
			files = (
				7B1B7FA187E9C18E42549182 /* Pods_project.framework in Frameworks */,
			);
			runOnlyForDeploymentPostprocessing = 0;
		};
/* End PBXFrameworksBuildPhase section */

/* Begin PBXGroup section */
		8E226D736B79B6AB86123A0E /* Pods */ = {
			isa = PBXGroup;
			children = (
				09A2FF09E4AAEBA404120EEC /* Pods-project.debug.xcconfig */,
				755A766EE60F695B8CB15753 /* Pods-project.release.xcconfig */,
			);
			path = Pods;
			sourceTree = "<group>";
		};
		C1AD99DF1ECEC92DFED0707F /* Frameworks */ = {
			isa = PBXGroup;
			children = (
				C941DEA191F31EAFE20C2B07 /* Pods_project.framework */,
			);
			name = Frameworks;
			sourceTree = "<group>";
		};
		FC32B5BD258220E200EF2B7F = {
			isa = PBXGroup;
			children = (
				FC32B5C8258220E300EF2B7F /* project */,
				FC32B5C7258220E300EF2B7F /* Products */,
				8E226D736B79B6AB86123A0E /* Pods */,
				C1AD99DF1ECEC92DFED0707F /* Frameworks */,
			);
			sourceTree = "<group>";
		};
		FC32B5C7258220E300EF2B7F /* Products */ = {
			isa = PBXGroup;
			children = (
				FC32B5C6258220E300EF2B7F /* project.app */,
			);
			name = Products;
			sourceTree = "<group>";
		};
		FC32B5C8258220E300EF2B7F /* project */ = {
			isa = PBXGroup;
			children = (
				FC454E6F25C6A43200EABB53 /* Screens */,
				FC32B5C9258220E300EF2B7F /* AppDelegate.swift */,
				FC32B5CF258220E300EF2B7F /* Main.storyboard */,
				FC32B5D5258220E700EF2B7F /* Assets.xcassets */,
				FC32B5D7258220E700EF2B7F /* LaunchScreen.storyboard */,
				FC32B5DA258220E700EF2B7F /* Info.plist */,
				FC32B5D2258220E300EF2B7F /* project.xcdatamodeld */,
				FC454EAE25CC52BD00EABB53 /* GoogleService-Info.plist */,
			);
			path = project;
			sourceTree = "<group>";
		};
		FC454E6F25C6A43200EABB53 /* Screens */ = {
			isa = PBXGroup;
			children = (
				FC2D4C4F258DF2B900A65CD0 /* CollectionViewController.swift */,
				FC454E7025C6A44800EABB53 /* LoginViewController.swift */,
				FC454E7325C6AA8D00EABB53 /* HomeViewController.swift */,
				FC454E8125C6BE4300EABB53 /* PlaceViewController.swift */,
				FCA321BE25DC524C0068B41F /* PictureSharingViewController.swift */,
				FCD3E2E825E83C9500ABE23C /* NotificationManager.swift */,
			);
			path = Screens;
			sourceTree = "<group>";
		};
/* End PBXGroup section */

/* Begin PBXNativeTarget section */
		FC32B5C5258220E300EF2B7F /* project */ = {
			isa = PBXNativeTarget;
			buildConfigurationList = FC32B5DD258220E700EF2B7F /* Build configuration list for PBXNativeTarget "project" */;
			buildPhases = (
				6B75BAF0FEF8CC48F1C83EFD /* [CP] Check Pods Manifest.lock */,
				FC32B5C2258220E300EF2B7F /* Sources */,
				FC32B5C3258220E300EF2B7F /* Frameworks */,
				FC32B5C4258220E300EF2B7F /* Resources */,
				9F6F42716192AA4D2781C1EE /* [CP] Embed Pods Frameworks */,
			);
			buildRules = (
			);
			dependencies = (
			);
			name = project;
			productName = project;
			productReference = FC32B5C6258220E300EF2B7F /* project.app */;
			productType = "com.apple.product-type.application";
		};
/* End PBXNativeTarget section */

/* Begin PBXProject section */
		FC32B5BE258220E200EF2B7F /* Project object */ = {
			isa = PBXProject;
			attributes = {
				LastSwiftUpdateCheck = 1210;
				LastUpgradeCheck = 1210;
				TargetAttributes = {
					FC32B5C5258220E300EF2B7F = {
						CreatedOnToolsVersion = 12.1;
					};
				};
			};
			buildConfigurationList = FC32B5C1258220E200EF2B7F /* Build configuration list for PBXProject "project" */;
			compatibilityVersion = "Xcode 9.3";
			developmentRegion = en;
			hasScannedForEncodings = 0;
			knownRegions = (
				en,
				Base,
			);
			mainGroup = FC32B5BD258220E200EF2B7F;
			productRefGroup = FC32B5C7258220E300EF2B7F /* Products */;
			projectDirPath = "";
			projectRoot = "";
			targets = (
				FC32B5C5258220E300EF2B7F /* project */,
			);
		};
/* End PBXProject section */

/* Begin PBXResourcesBuildPhase section */
		FC32B5C4258220E300EF2B7F /* Resources */ = {
			isa = PBXResourcesBuildPhase;
			buildActionMask = 2147483647;
			files = (
				FC32B5D9258220E700EF2B7F /* LaunchScreen.storyboard in Resources */,
				FC454EAF25CC52BD00EABB53 /* GoogleService-Info.plist in Resources */,
				FC32B5D6258220E700EF2B7F /* Assets.xcassets in Resources */,
				FC32B5D1258220E300EF2B7F /* Main.storyboard in Resources */,
			);
			runOnlyForDeploymentPostprocessing = 0;
		};
/* End PBXResourcesBuildPhase section */

/* Begin PBXShellScriptBuildPhase section */
		6B75BAF0FEF8CC48F1C83EFD /* [CP] Check Pods Manifest.lock */ = {
			isa = PBXShellScriptBuildPhase;
			buildActionMask = 2147483647;
			files = (
			);
			inputFileListPaths = (
			);
			inputPaths = (
				"${PODS_PODFILE_DIR_PATH}/Podfile.lock",
				"${PODS_ROOT}/Manifest.lock",
			);
			name = "[CP] Check Pods Manifest.lock";
			outputFileListPaths = (
			);
			outputPaths = (
				"$(DERIVED_FILE_DIR)/Pods-project-checkManifestLockResult.txt",
			);
			runOnlyForDeploymentPostprocessing = 0;
			shellPath = /bin/sh;
			shellScript = "diff \"${PODS_PODFILE_DIR_PATH}/Podfile.lock\" \"${PODS_ROOT}/Manifest.lock\" > /dev/null\nif [ $? != 0 ] ; then\n    # print error to STDERR\n    echo \"error: The sandbox is not in sync with the Podfile.lock. Run 'pod install' or update your CocoaPods installation.\" >&2\n    exit 1\nfi\n# This output is used by Xcode 'outputs' to avoid re-running this script phase.\necho \"SUCCESS\" > \"${SCRIPT_OUTPUT_FILE_0}\"\n";
			showEnvVarsInLog = 0;
		};
		9F6F42716192AA4D2781C1EE /* [CP] Embed Pods Frameworks */ = {
			isa = PBXShellScriptBuildPhase;
			buildActionMask = 2147483647;
			files = (
			);
			inputFileListPaths = (
				"${PODS_ROOT}/Target Support Files/Pods-project/Pods-project-frameworks-${CONFIGURATION}-input-files.xcfilelist",
			);
			name = "[CP] Embed Pods Frameworks";
			outputFileListPaths = (
				"${PODS_ROOT}/Target Support Files/Pods-project/Pods-project-frameworks-${CONFIGURATION}-output-files.xcfilelist",
			);
			runOnlyForDeploymentPostprocessing = 0;
			shellPath = /bin/sh;
			shellScript = "\"${PODS_ROOT}/Target Support Files/Pods-project/Pods-project-frameworks.sh\"\n";
			showEnvVarsInLog = 0;
		};
/* End PBXShellScriptBuildPhase section */

/* Begin PBXSourcesBuildPhase section */
		FC32B5C2258220E300EF2B7F /* Sources */ = {
			isa = PBXSourcesBuildPhase;
			buildActionMask = 2147483647;
			files = (
				FCA321BF25DC524C0068B41F /* PictureSharingViewController.swift in Sources */,
				FC454E8225C6BE4300EABB53 /* PlaceViewController.swift in Sources */,
				FC454E7125C6A44800EABB53 /* LoginViewController.swift in Sources */,
				FC454E7425C6AA8D00EABB53 /* HomeViewController.swift in Sources */,
				FC32B5CA258220E300EF2B7F /* AppDelegate.swift in Sources */,
				FC2D4C50258DF2B900A65CD0 /* CollectionViewController.swift in Sources */,
				FCD3E2E925E83C9500ABE23C /* NotificationManager.swift in Sources */,
				FC32B5D4258220E300EF2B7F /* project.xcdatamodeld in Sources */,
			);
			runOnlyForDeploymentPostprocessing = 0;
		};
/* End PBXSourcesBuildPhase section */

/* Begin PBXVariantGroup section */
		FC32B5CF258220E300EF2B7F /* Main.storyboard */ = {
			isa = PBXVariantGroup;
			children = (
				FC32B5D0258220E300EF2B7F /* Base */,
			);
			name = Main.storyboard;
			sourceTree = "<group>";
		};
		FC32B5D7258220E700EF2B7F /* LaunchScreen.storyboard */ = {
			isa = PBXVariantGroup;
			children = (
				FC32B5D8258220E700EF2B7F /* Base */,
			);
			name = LaunchScreen.storyboard;
			sourceTree = "<group>";
		};
/* End PBXVariantGroup section */

/* Begin XCBuildConfiguration section */
		FC32B5DB258220E700EF2B7F /* Debug */ = {
			isa = XCBuildConfiguration;
			buildSettings = {
				ALWAYS_SEARCH_USER_PATHS = NO;
				CLANG_ANALYZER_NONNULL = YES;
				CLANG_ANALYZER_NUMBER_OBJECT_CONVERSION = YES_AGGRESSIVE;
				CLANG_CXX_LANGUAGE_STANDARD = "gnu++14";
				CLANG_CXX_LIBRARY = "libc++";
				CLANG_ENABLE_MODULES = YES;
				CLANG_ENABLE_OBJC_ARC = YES;
				CLANG_ENABLE_OBJC_WEAK = YES;
				CLANG_WARN_BLOCK_CAPTURE_AUTORELEASING = YES;
				CLANG_WARN_BOOL_CONVERSION = YES;
				CLANG_WARN_COMMA = YES;
				CLANG_WARN_CONSTANT_CONVERSION = YES;
				CLANG_WARN_DEPRECATED_OBJC_IMPLEMENTATIONS = YES;
				CLANG_WARN_DIRECT_OBJC_ISA_USAGE = YES_ERROR;
				CLANG_WARN_DOCUMENTATION_COMMENTS = YES;
				CLANG_WARN_EMPTY_BODY = YES;
				CLANG_WARN_ENUM_CONVERSION = YES;
				CLANG_WARN_INFINITE_RECURSION = YES;
				CLANG_WARN_INT_CONVERSION = YES;
				CLANG_WARN_NON_LITERAL_NULL_CONVERSION = YES;
				CLANG_WARN_OBJC_IMPLICIT_RETAIN_SELF = YES;
				CLANG_WARN_OBJC_LITERAL_CONVERSION = YES;
				CLANG_WARN_OBJC_ROOT_CLASS = YES_ERROR;
				CLANG_WARN_QUOTED_INCLUDE_IN_FRAMEWORK_HEADER = YES;
				CLANG_WARN_RANGE_LOOP_ANALYSIS = YES;
				CLANG_WARN_STRICT_PROTOTYPES = YES;
				CLANG_WARN_SUSPICIOUS_MOVE = YES;
				CLANG_WARN_UNGUARDED_AVAILABILITY = YES_AGGRESSIVE;
				CLANG_WARN_UNREACHABLE_CODE = YES;
				CLANG_WARN__DUPLICATE_METHOD_MATCH = YES;
				COPY_PHASE_STRIP = NO;
				DEBUG_INFORMATION_FORMAT = dwarf;
				ENABLE_STRICT_OBJC_MSGSEND = YES;
				ENABLE_TESTABILITY = YES;
				GCC_C_LANGUAGE_STANDARD = gnu11;
				GCC_DYNAMIC_NO_PIC = NO;
				GCC_NO_COMMON_BLOCKS = YES;
				GCC_OPTIMIZATION_LEVEL = 0;
				GCC_PREPROCESSOR_DEFINITIONS = (
					"DEBUG=1",
					"$(inherited)",
				);
				GCC_WARN_64_TO_32_BIT_CONVERSION = YES;
				GCC_WARN_ABOUT_RETURN_TYPE = YES_ERROR;
				GCC_WARN_UNDECLARED_SELECTOR = YES;
				GCC_WARN_UNINITIALIZED_AUTOS = YES_AGGRESSIVE;
				GCC_WARN_UNUSED_FUNCTION = YES;
				GCC_WARN_UNUSED_VARIABLE = YES;
				IPHONEOS_DEPLOYMENT_TARGET = 14.0;
				MTL_ENABLE_DEBUG_INFO = INCLUDE_SOURCE;
				MTL_FAST_MATH = YES;
				ONLY_ACTIVE_ARCH = YES;
				SDKROOT = iphoneos;
				SWIFT_ACTIVE_COMPILATION_CONDITIONS = DEBUG;
				SWIFT_OPTIMIZATION_LEVEL = "-Onone";
			};
			name = Debug;
		};
		FC32B5DC258220E700EF2B7F /* Release */ = {
			isa = XCBuildConfiguration;
			buildSettings = {
				ALWAYS_SEARCH_USER_PATHS = NO;
				CLANG_ANALYZER_NONNULL = YES;
				CLANG_ANALYZER_NUMBER_OBJECT_CONVERSION = YES_AGGRESSIVE;
				CLANG_CXX_LANGUAGE_STANDARD = "gnu++14";
				CLANG_CXX_LIBRARY = "libc++";
				CLANG_ENABLE_MODULES = YES;
				CLANG_ENABLE_OBJC_ARC = YES;
				CLANG_ENABLE_OBJC_WEAK = YES;
				CLANG_WARN_BLOCK_CAPTURE_AUTORELEASING = YES;
				CLANG_WARN_BOOL_CONVERSION = YES;
				CLANG_WARN_COMMA = YES;
				CLANG_WARN_CONSTANT_CONVERSION = YES;
				CLANG_WARN_DEPRECATED_OBJC_IMPLEMENTATIONS = YES;
				CLANG_WARN_DIRECT_OBJC_ISA_USAGE = YES_ERROR;
				CLANG_WARN_DOCUMENTATION_COMMENTS = YES;
				CLANG_WARN_EMPTY_BODY = YES;
				CLANG_WARN_ENUM_CONVERSION = YES;
				CLANG_WARN_INFINITE_RECURSION = YES;
				CLANG_WARN_INT_CONVERSION = YES;
				CLANG_WARN_NON_LITERAL_NULL_CONVERSION = YES;
				CLANG_WARN_OBJC_IMPLICIT_RETAIN_SELF = YES;
				CLANG_WARN_OBJC_LITERAL_CONVERSION = YES;
				CLANG_WARN_OBJC_ROOT_CLASS = YES_ERROR;
				CLANG_WARN_QUOTED_INCLUDE_IN_FRAMEWORK_HEADER = YES;
				CLANG_WARN_RANGE_LOOP_ANALYSIS = YES;
				CLANG_WARN_STRICT_PROTOTYPES = YES;
				CLANG_WARN_SUSPICIOUS_MOVE = YES;
				CLANG_WARN_UNGUARDED_AVAILABILITY = YES_AGGRESSIVE;
				CLANG_WARN_UNREACHABLE_CODE = YES;
				CLANG_WARN__DUPLICATE_METHOD_MATCH = YES;
				COPY_PHASE_STRIP = NO;
				DEBUG_INFORMATION_FORMAT = "dwarf-with-dsym";
				ENABLE_NS_ASSERTIONS = NO;
				ENABLE_STRICT_OBJC_MSGSEND = YES;
				GCC_C_LANGUAGE_STANDARD = gnu11;
				GCC_NO_COMMON_BLOCKS = YES;
				GCC_WARN_64_TO_32_BIT_CONVERSION = YES;
				GCC_WARN_ABOUT_RETURN_TYPE = YES_ERROR;
				GCC_WARN_UNDECLARED_SELECTOR = YES;
				GCC_WARN_UNINITIALIZED_AUTOS = YES_AGGRESSIVE;
				GCC_WARN_UNUSED_FUNCTION = YES;
				GCC_WARN_UNUSED_VARIABLE = YES;
				IPHONEOS_DEPLOYMENT_TARGET = 14.0;
				MTL_ENABLE_DEBUG_INFO = NO;
				MTL_FAST_MATH = YES;
				SDKROOT = iphoneos;
				SWIFT_COMPILATION_MODE = wholemodule;
				SWIFT_OPTIMIZATION_LEVEL = "-O";
				VALIDATE_PRODUCT = YES;
			};
			name = Release;
		};
		FC32B5DE258220E700EF2B7F /* Debug */ = {
			isa = XCBuildConfiguration;
			baseConfigurationReference = 09A2FF09E4AAEBA404120EEC /* Pods-project.debug.xcconfig */;
			buildSettings = {
				ASSETCATALOG_COMPILER_APPICON_NAME = AppIcon;
				ASSETCATALOG_COMPILER_GLOBAL_ACCENT_COLOR_NAME = AccentColor;
				CODE_SIGN_STYLE = Automatic;
				DEVELOPMENT_TEAM = M9TRCYQ848;
				INFOPLIST_FILE = project/Info.plist;
				LD_RUNPATH_SEARCH_PATHS = (
					"$(inherited)",
					"@executable_path/Frameworks",
				);
				PRODUCT_BUNDLE_IDENTIFIER = com.petkodapchev.project;
				PRODUCT_NAME = "$(TARGET_NAME)";
				SWIFT_VERSION = 5.0;
				TARGETED_DEVICE_FAMILY = "1,2";
			};
			name = Debug;
		};
		FC32B5DF258220E700EF2B7F /* Release */ = {
			isa = XCBuildConfiguration;
			baseConfigurationReference = 755A766EE60F695B8CB15753 /* Pods-project.release.xcconfig */;
			buildSettings = {
				ASSETCATALOG_COMPILER_APPICON_NAME = AppIcon;
				ASSETCATALOG_COMPILER_GLOBAL_ACCENT_COLOR_NAME = AccentColor;
				CODE_SIGN_STYLE = Automatic;
				DEVELOPMENT_TEAM = M9TRCYQ848;
				INFOPLIST_FILE = project/Info.plist;
				LD_RUNPATH_SEARCH_PATHS = (
					"$(inherited)",
					"@executable_path/Frameworks",
				);
				PRODUCT_BUNDLE_IDENTIFIER = com.petkodapchev.project;
				PRODUCT_NAME = "$(TARGET_NAME)";
				SWIFT_VERSION = 5.0;
				TARGETED_DEVICE_FAMILY = "1,2";
			};
			name = Release;
		};
/* End XCBuildConfiguration section */

/* Begin XCConfigurationList section */
		FC32B5C1258220E200EF2B7F /* Build configuration list for PBXProject "project" */ = {
			isa = XCConfigurationList;
			buildConfigurations = (
				FC32B5DB258220E700EF2B7F /* Debug */,
				FC32B5DC258220E700EF2B7F /* Release */,
			);
			defaultConfigurationIsVisible = 0;
			defaultConfigurationName = Release;
		};
		FC32B5DD258220E700EF2B7F /* Build configuration list for PBXNativeTarget "project" */ = {
			isa = XCConfigurationList;
			buildConfigurations = (
				FC32B5DE258220E700EF2B7F /* Debug */,
				FC32B5DF258220E700EF2B7F /* Release */,
			);
			defaultConfigurationIsVisible = 0;
			defaultConfigurationName = Release;
		};
/* End XCConfigurationList section */

/* Begin XCVersionGroup section */
		FC32B5D2258220E300EF2B7F /* project.xcdatamodeld */ = {
			isa = XCVersionGroup;
			children = (
				FC32B5D3258220E300EF2B7F /* project.xcdatamodel */,
			);
			currentVersion = FC32B5D3258220E300EF2B7F /* project.xcdatamodel */;
			path = project.xcdatamodeld;
			sourceTree = "<group>";
			versionGroupType = wrapper.xcdatamodel;
		};
/* End XCVersionGroup section */
	};
	rootObject = FC32B5BE258220E200EF2B7F /* Project object */;
}
